// !$*UTF8*$!
{
	archiveVersion = 1;
	classes = {
	};
	objectVersion = 50;
	objects = {

/* Begin PBXBuildFile section */
		2D12E95C20DEACF2008A730C /* AppDelegate.swift in Sources */ = {isa = PBXBuildFile; fileRef = 2D12E95B20DEACF2008A730C /* AppDelegate.swift */; };
		2D12E96120DEACF3008A730C /* Main.storyboard in Resources */ = {isa = PBXBuildFile; fileRef = 2D12E95F20DEACF3008A730C /* Main.storyboard */; };
		2D12E96320DEACF5008A730C /* Assets.xcassets in Resources */ = {isa = PBXBuildFile; fileRef = 2D12E96220DEACF5008A730C /* Assets.xcassets */; };
		2D12E96620DEACF5008A730C /* LaunchScreen.storyboard in Resources */ = {isa = PBXBuildFile; fileRef = 2D12E96420DEACF5008A730C /* LaunchScreen.storyboard */; };
		2D12E97120DEACF5008A730C /* UberFlickrTests.swift in Sources */ = {isa = PBXBuildFile; fileRef = 2D12E97020DEACF5008A730C /* UberFlickrTests.swift */; };
		2D12E97C20DEACF5008A730C /* UberFlickrUITests.swift in Sources */ = {isa = PBXBuildFile; fileRef = 2D12E97B20DEACF5008A730C /* UberFlickrUITests.swift */; };
		2D12E98C20DF78C0008A730C /* NetworkRequest.swift in Sources */ = {isa = PBXBuildFile; fileRef = 2D12E98B20DF78C0008A730C /* NetworkRequest.swift */; };
		2D12E98E20DF78D7008A730C /* Gateway.swift in Sources */ = {isa = PBXBuildFile; fileRef = 2D12E98D20DF78D7008A730C /* Gateway.swift */; };
		2D12E99120DF7AE3008A730C /* Errors.swift in Sources */ = {isa = PBXBuildFile; fileRef = 2D12E99020DF7AE3008A730C /* Errors.swift */; };
		2D12E99420DF7E0F008A730C /* FlickrPhotoSearchResult.swift in Sources */ = {isa = PBXBuildFile; fileRef = 2D12E99320DF7E0F008A730C /* FlickrPhotoSearchResult.swift */; };
		2D12E99620DF7E1D008A730C /* FlickrPhoto.swift in Sources */ = {isa = PBXBuildFile; fileRef = 2D12E99520DF7E1D008A730C /* FlickrPhoto.swift */; };
		2D12E99820DF8CC2008A730C /* FlickrPhoto+Mapping.swift in Sources */ = {isa = PBXBuildFile; fileRef = 2D12E99720DF8CC2008A730C /* FlickrPhoto+Mapping.swift */; };
		2D12E99A20DF8D08008A730C /* FlickrPhotoSearchResult+Mapping.swift in Sources */ = {isa = PBXBuildFile; fileRef = 2D12E99920DF8D08008A730C /* FlickrPhotoSearchResult+Mapping.swift */; };
		2D12E99D20DF949B008A730C /* API.swift in Sources */ = {isa = PBXBuildFile; fileRef = 2D12E99C20DF949B008A730C /* API.swift */; };
		2D12E99F20DF9AB2008A730C /* URLParameterEncoder.swift in Sources */ = {isa = PBXBuildFile; fileRef = 2D12E99E20DF9AB2008A730C /* URLParameterEncoder.swift */; };
		2D12E9A220DFA2DF008A730C /* Dictionary++.swift in Sources */ = {isa = PBXBuildFile; fileRef = 2D12E9A120DFA2DF008A730C /* Dictionary++.swift */; };
		2D12E9A620DFB95D008A730C /* FlickrPhotoSearchViewController.swift in Sources */ = {isa = PBXBuildFile; fileRef = 2D12E9A520DFB95D008A730C /* FlickrPhotoSearchViewController.swift */; };
		2D12E9AA20DFB9B6008A730C /* FlickrPhotoSearchVM.swift in Sources */ = {isa = PBXBuildFile; fileRef = 2D12E9A920DFB9B6008A730C /* FlickrPhotoSearchVM.swift */; };
		2D12E9AD20DFCAAE008A730C /* FlickrPhotoCollectionViewCell.swift in Sources */ = {isa = PBXBuildFile; fileRef = 2D12E9AC20DFCAAE008A730C /* FlickrPhotoCollectionViewCell.swift */; };
		2D12E9B220E2B8B7008A730C /* FlickrPhotoManager.swift in Sources */ = {isa = PBXBuildFile; fileRef = 2D12E9B120E2B8B7008A730C /* FlickrPhotoManager.swift */; };
		2D12E9FD20E3F8CC008A730C /* FlickrPhotoLoaderCell.swift in Sources */ = {isa = PBXBuildFile; fileRef = 2D12E9FC20E3F8CC008A730C /* FlickrPhotoLoaderCell.swift */; };
		2D12E9FF20E410D2008A730C /* UIAlertController++.swift in Sources */ = {isa = PBXBuildFile; fileRef = 2D12E9FE20E410D2008A730C /* UIAlertController++.swift */; };
		2D12EA0720E41F30008A730C /* APIMock.swift in Sources */ = {isa = PBXBuildFile; fileRef = 2D12EA0420E41F21008A730C /* APIMock.swift */; };
		2D12EA0820E41F36008A730C /* FlickrPhotoSearchVMTest.swift in Sources */ = {isa = PBXBuildFile; fileRef = 2D12EA0220E41EEC008A730C /* FlickrPhotoSearchVMTest.swift */; };
		2D12EA0920E41F3A008A730C /* FlickrPhotoSearchVMMock.swift in Sources */ = {isa = PBXBuildFile; fileRef = 2D12EA0020E41EDB008A730C /* FlickrPhotoSearchVMMock.swift */; };
		2D12EA1120E42458008A730C /* FlickrPhotoSearchViewControllerTests.swift in Sources */ = {isa = PBXBuildFile; fileRef = 2D12EA1020E42458008A730C /* FlickrPhotoSearchViewControllerTests.swift */; };
		2D12EA1720E4C300008A730C /* GatewayMock.swift in Sources */ = {isa = PBXBuildFile; fileRef = 2D12EA0A20E41F86008A730C /* GatewayMock.swift */; };
		2D12EA1820E4C30F008A730C /* URLSessionMock.swift in Sources */ = {isa = PBXBuildFile; fileRef = 2D12EA0D20E41FEC008A730C /* URLSessionMock.swift */; };
		2D12EA1920E4C31C008A730C /* GatewayTests.swift in Sources */ = {isa = PBXBuildFile; fileRef = 2D12EA1220E4B757008A730C /* GatewayTests.swift */; };
		2D12EA1C20E4C3B8008A730C /* ApplicationNavigation.swift in Sources */ = {isa = PBXBuildFile; fileRef = 2D12EA1B20E4C3B8008A730C /* ApplicationNavigation.swift */; };
/* End PBXBuildFile section */

/* Begin PBXContainerItemProxy section */
		2D12E96D20DEACF5008A730C /* PBXContainerItemProxy */ = {
			isa = PBXContainerItemProxy;
			containerPortal = 2D12E95020DEACF2008A730C /* Project object */;
			proxyType = 1;
			remoteGlobalIDString = 2D12E95720DEACF2008A730C;
			remoteInfo = UberFlickr;
		};
		2D12E97820DEACF5008A730C /* PBXContainerItemProxy */ = {
			isa = PBXContainerItemProxy;
			containerPortal = 2D12E95020DEACF2008A730C /* Project object */;
			proxyType = 1;
			remoteGlobalIDString = 2D12E95720DEACF2008A730C;
			remoteInfo = UberFlickr;
		};
/* End PBXContainerItemProxy section */

/* Begin PBXFileReference section */
		2D12E95820DEACF2008A730C /* UberFlickr.app */ = {isa = PBXFileReference; explicitFileType = wrapper.application; includeInIndex = 0; path = UberFlickr.app; sourceTree = BUILT_PRODUCTS_DIR; };
		2D12E95B20DEACF2008A730C /* AppDelegate.swift */ = {isa = PBXFileReference; lastKnownFileType = sourcecode.swift; path = AppDelegate.swift; sourceTree = "<group>"; };
		2D12E96020DEACF3008A730C /* Base */ = {isa = PBXFileReference; lastKnownFileType = file.storyboard; name = Base; path = Base.lproj/Main.storyboard; sourceTree = "<group>"; };
		2D12E96220DEACF5008A730C /* Assets.xcassets */ = {isa = PBXFileReference; lastKnownFileType = folder.assetcatalog; path = Assets.xcassets; sourceTree = "<group>"; };
		2D12E96520DEACF5008A730C /* Base */ = {isa = PBXFileReference; lastKnownFileType = file.storyboard; name = Base; path = Base.lproj/LaunchScreen.storyboard; sourceTree = "<group>"; };
		2D12E96720DEACF5008A730C /* Info.plist */ = {isa = PBXFileReference; lastKnownFileType = text.plist.xml; path = Info.plist; sourceTree = "<group>"; };
		2D12E96C20DEACF5008A730C /* UberFlickrTests.xctest */ = {isa = PBXFileReference; explicitFileType = wrapper.cfbundle; includeInIndex = 0; path = UberFlickrTests.xctest; sourceTree = BUILT_PRODUCTS_DIR; };
		2D12E97020DEACF5008A730C /* UberFlickrTests.swift */ = {isa = PBXFileReference; lastKnownFileType = sourcecode.swift; path = UberFlickrTests.swift; sourceTree = "<group>"; };
		2D12E97220DEACF5008A730C /* Info.plist */ = {isa = PBXFileReference; lastKnownFileType = text.plist.xml; path = Info.plist; sourceTree = "<group>"; };
		2D12E97720DEACF5008A730C /* UberFlickrUITests.xctest */ = {isa = PBXFileReference; explicitFileType = wrapper.cfbundle; includeInIndex = 0; path = UberFlickrUITests.xctest; sourceTree = BUILT_PRODUCTS_DIR; };
		2D12E97B20DEACF5008A730C /* UberFlickrUITests.swift */ = {isa = PBXFileReference; lastKnownFileType = sourcecode.swift; path = UberFlickrUITests.swift; sourceTree = "<group>"; };
		2D12E97D20DEACF5008A730C /* Info.plist */ = {isa = PBXFileReference; lastKnownFileType = text.plist.xml; path = Info.plist; sourceTree = "<group>"; };
		2D12E98B20DF78C0008A730C /* NetworkRequest.swift */ = {isa = PBXFileReference; lastKnownFileType = sourcecode.swift; path = NetworkRequest.swift; sourceTree = "<group>"; };
		2D12E98D20DF78D7008A730C /* Gateway.swift */ = {isa = PBXFileReference; lastKnownFileType = sourcecode.swift; path = Gateway.swift; sourceTree = "<group>"; };
		2D12E99020DF7AE3008A730C /* Errors.swift */ = {isa = PBXFileReference; lastKnownFileType = sourcecode.swift; path = Errors.swift; sourceTree = "<group>"; };
		2D12E99320DF7E0F008A730C /* FlickrPhotoSearchResult.swift */ = {isa = PBXFileReference; lastKnownFileType = sourcecode.swift; path = FlickrPhotoSearchResult.swift; sourceTree = "<group>"; };
		2D12E99520DF7E1D008A730C /* FlickrPhoto.swift */ = {isa = PBXFileReference; lastKnownFileType = sourcecode.swift; path = FlickrPhoto.swift; sourceTree = "<group>"; };
		2D12E99720DF8CC2008A730C /* FlickrPhoto+Mapping.swift */ = {isa = PBXFileReference; lastKnownFileType = sourcecode.swift; path = "FlickrPhoto+Mapping.swift"; sourceTree = "<group>"; };
		2D12E99920DF8D08008A730C /* FlickrPhotoSearchResult+Mapping.swift */ = {isa = PBXFileReference; lastKnownFileType = sourcecode.swift; path = "FlickrPhotoSearchResult+Mapping.swift"; sourceTree = "<group>"; };
		2D12E99C20DF949B008A730C /* API.swift */ = {isa = PBXFileReference; lastKnownFileType = sourcecode.swift; path = API.swift; sourceTree = "<group>"; };
		2D12E99E20DF9AB2008A730C /* URLParameterEncoder.swift */ = {isa = PBXFileReference; lastKnownFileType = sourcecode.swift; path = URLParameterEncoder.swift; sourceTree = "<group>"; };
		2D12E9A120DFA2DF008A730C /* Dictionary++.swift */ = {isa = PBXFileReference; lastKnownFileType = sourcecode.swift; path = "Dictionary++.swift"; sourceTree = "<group>"; };
		2D12E9A520DFB95D008A730C /* FlickrPhotoSearchViewController.swift */ = {isa = PBXFileReference; lastKnownFileType = sourcecode.swift; path = FlickrPhotoSearchViewController.swift; sourceTree = "<group>"; };
		2D12E9A920DFB9B6008A730C /* FlickrPhotoSearchVM.swift */ = {isa = PBXFileReference; lastKnownFileType = sourcecode.swift; path = FlickrPhotoSearchVM.swift; sourceTree = "<group>"; };
		2D12E9AC20DFCAAE008A730C /* FlickrPhotoCollectionViewCell.swift */ = {isa = PBXFileReference; lastKnownFileType = sourcecode.swift; path = FlickrPhotoCollectionViewCell.swift; sourceTree = "<group>"; };
		2D12E9B120E2B8B7008A730C /* FlickrPhotoManager.swift */ = {isa = PBXFileReference; lastKnownFileType = sourcecode.swift; path = FlickrPhotoManager.swift; sourceTree = "<group>"; };
		2D12E9FC20E3F8CC008A730C /* FlickrPhotoLoaderCell.swift */ = {isa = PBXFileReference; lastKnownFileType = sourcecode.swift; path = FlickrPhotoLoaderCell.swift; sourceTree = "<group>"; };
		2D12E9FE20E410D2008A730C /* UIAlertController++.swift */ = {isa = PBXFileReference; lastKnownFileType = sourcecode.swift; path = "UIAlertController++.swift"; sourceTree = "<group>"; };
		2D12EA0020E41EDB008A730C /* FlickrPhotoSearchVMMock.swift */ = {isa = PBXFileReference; lastKnownFileType = sourcecode.swift; path = FlickrPhotoSearchVMMock.swift; sourceTree = "<group>"; };
		2D12EA0220E41EEC008A730C /* FlickrPhotoSearchVMTest.swift */ = {isa = PBXFileReference; lastKnownFileType = sourcecode.swift; path = FlickrPhotoSearchVMTest.swift; sourceTree = "<group>"; };
		2D12EA0420E41F21008A730C /* APIMock.swift */ = {isa = PBXFileReference; lastKnownFileType = sourcecode.swift; path = APIMock.swift; sourceTree = "<group>"; };
		2D12EA0A20E41F86008A730C /* GatewayMock.swift */ = {isa = PBXFileReference; lastKnownFileType = sourcecode.swift; path = GatewayMock.swift; sourceTree = "<group>"; };
		2D12EA0D20E41FEC008A730C /* URLSessionMock.swift */ = {isa = PBXFileReference; lastKnownFileType = sourcecode.swift; path = URLSessionMock.swift; sourceTree = "<group>"; };
		2D12EA1020E42458008A730C /* FlickrPhotoSearchViewControllerTests.swift */ = {isa = PBXFileReference; lastKnownFileType = sourcecode.swift; path = FlickrPhotoSearchViewControllerTests.swift; sourceTree = "<group>"; };
		2D12EA1220E4B757008A730C /* GatewayTests.swift */ = {isa = PBXFileReference; lastKnownFileType = sourcecode.swift; path = GatewayTests.swift; sourceTree = "<group>"; };
		2D12EA1B20E4C3B8008A730C /* ApplicationNavigation.swift */ = {isa = PBXFileReference; lastKnownFileType = sourcecode.swift; path = ApplicationNavigation.swift; sourceTree = "<group>"; };
/* End PBXFileReference section */

/* Begin PBXFrameworksBuildPhase section */
		2D12E95520DEACF2008A730C /* Frameworks */ = {
			isa = PBXFrameworksBuildPhase;
			buildActionMask = 2147483647;
			files = (
			);
			runOnlyForDeploymentPostprocessing = 0;
		};
		2D12E96920DEACF5008A730C /* Frameworks */ = {
			isa = PBXFrameworksBuildPhase;
			buildActionMask = 2147483647;
			files = (
			);
			runOnlyForDeploymentPostprocessing = 0;
		};
		2D12E97420DEACF5008A730C /* Frameworks */ = {
			isa = PBXFrameworksBuildPhase;
			buildActionMask = 2147483647;
			files = (
			);
			runOnlyForDeploymentPostprocessing = 0;
		};
/* End PBXFrameworksBuildPhase section */

/* Begin PBXGroup section */
		2D12E94F20DEACF2008A730C = {
			isa = PBXGroup;
			children = (
				2D12E95A20DEACF2008A730C /* UberFlickr */,
				2D12E96F20DEACF5008A730C /* UberFlickrTests */,
				2D12E97A20DEACF5008A730C /* UberFlickrUITests */,
				2D12E95920DEACF2008A730C /* Products */,
			);
			sourceTree = "<group>";
		};
		2D12E95920DEACF2008A730C /* Products */ = {
			isa = PBXGroup;
			children = (
				2D12E95820DEACF2008A730C /* UberFlickr.app */,
				2D12E96C20DEACF5008A730C /* UberFlickrTests.xctest */,
				2D12E97720DEACF5008A730C /* UberFlickrUITests.xctest */,
			);
			name = Products;
			sourceTree = "<group>";
		};
		2D12E95A20DEACF2008A730C /* UberFlickr */ = {
			isa = PBXGroup;
			children = (
				2D12EA1A20E4C3AE008A730C /* AppNavigation */,
				2D12E9A320DFB928008A730C /* Scenes */,
				2D12E9A020DFA2D2008A730C /* Extension */,
				2D12E99220DF7DF6008A730C /* Model */,
				2D12E98F20DF7AD6008A730C /* Error */,
				2D12E98920DF7853008A730C /* Service */,
				2D12E95B20DEACF2008A730C /* AppDelegate.swift */,
				2D12E95F20DEACF3008A730C /* Main.storyboard */,
				2D12E96220DEACF5008A730C /* Assets.xcassets */,
				2D12E96420DEACF5008A730C /* LaunchScreen.storyboard */,
				2D12E96720DEACF5008A730C /* Info.plist */,
			);
			path = UberFlickr;
			sourceTree = "<group>";
		};
		2D12E96F20DEACF5008A730C /* UberFlickrTests */ = {
			isa = PBXGroup;
			children = (
				2D12E97020DEACF5008A730C /* UberFlickrTests.swift */,
				2D12E97220DEACF5008A730C /* Info.plist */,
			);
			path = UberFlickrTests;
			sourceTree = "<group>";
		};
		2D12E97A20DEACF5008A730C /* UberFlickrUITests */ = {
			isa = PBXGroup;
			children = (
				2D12E97B20DEACF5008A730C /* UberFlickrUITests.swift */,
				2D12E97D20DEACF5008A730C /* Info.plist */,
			);
			path = UberFlickrUITests;
			sourceTree = "<group>";
		};
		2D12E98920DF7853008A730C /* Service */ = {
			isa = PBXGroup;
			children = (
				2D12E9AE20E2B7E2008A730C /* ImageCache */,
				2D12E99B20DF948B008A730C /* API */,
				2D12E98A20DF7868008A730C /* Network */,
			);
			path = Service;
			sourceTree = "<group>";
		};
		2D12E98A20DF7868008A730C /* Network */ = {
			isa = PBXGroup;
			children = (
				2D12EA1520E4C2F4008A730C /* Gateway */,
				2D12E98B20DF78C0008A730C /* NetworkRequest.swift */,
				2D12E99E20DF9AB2008A730C /* URLParameterEncoder.swift */,
			);
			path = Network;
			sourceTree = "<group>";
		};
		2D12E98F20DF7AD6008A730C /* Error */ = {
			isa = PBXGroup;
			children = (
				2D12E99020DF7AE3008A730C /* Errors.swift */,
			);
			path = Error;
			sourceTree = "<group>";
		};
		2D12E99220DF7DF6008A730C /* Model */ = {
			isa = PBXGroup;
			children = (
				2D12E99320DF7E0F008A730C /* FlickrPhotoSearchResult.swift */,
				2D12E99520DF7E1D008A730C /* FlickrPhoto.swift */,
				2D12E99720DF8CC2008A730C /* FlickrPhoto+Mapping.swift */,
				2D12E99920DF8D08008A730C /* FlickrPhotoSearchResult+Mapping.swift */,
			);
			path = Model;
			sourceTree = "<group>";
		};
		2D12E99B20DF948B008A730C /* API */ = {
			isa = PBXGroup;
			children = (
				2D12E99C20DF949B008A730C /* API.swift */,
				2D12EA0420E41F21008A730C /* APIMock.swift */,
			);
			path = API;
			sourceTree = "<group>";
		};
		2D12E9A020DFA2D2008A730C /* Extension */ = {
			isa = PBXGroup;
			children = (
				2D12E9A120DFA2DF008A730C /* Dictionary++.swift */,
				2D12E9FE20E410D2008A730C /* UIAlertController++.swift */,
			);
			path = Extension;
			sourceTree = "<group>";
		};
		2D12E9A320DFB928008A730C /* Scenes */ = {
			isa = PBXGroup;
			children = (
				2D12E9A420DFB930008A730C /* FlickrPhotosSearchScene */,
			);
			path = Scenes;
			sourceTree = "<group>";
		};
		2D12E9A420DFB930008A730C /* FlickrPhotosSearchScene */ = {
			isa = PBXGroup;
			children = (
				2D12E9AB20DFCA9D008A730C /* Views */,
				2D12E9A820DFB9A5008A730C /* ViewModel */,
				2D12E9A720DFB99C008A730C /* ViewController */,
			);
			path = FlickrPhotosSearchScene;
			sourceTree = "<group>";
		};
		2D12E9A720DFB99C008A730C /* ViewController */ = {
			isa = PBXGroup;
			children = (
				2D12E9A520DFB95D008A730C /* FlickrPhotoSearchViewController.swift */,
				2D12EA1020E42458008A730C /* FlickrPhotoSearchViewControllerTests.swift */,
			);
			path = ViewController;
			sourceTree = "<group>";
		};
		2D12E9A820DFB9A5008A730C /* ViewModel */ = {
			isa = PBXGroup;
			children = (
				2D12E9A920DFB9B6008A730C /* FlickrPhotoSearchVM.swift */,
				2D12EA0020E41EDB008A730C /* FlickrPhotoSearchVMMock.swift */,
				2D12EA0220E41EEC008A730C /* FlickrPhotoSearchVMTest.swift */,
			);
			path = ViewModel;
			sourceTree = "<group>";
		};
		2D12E9AB20DFCA9D008A730C /* Views */ = {
			isa = PBXGroup;
			children = (
				2D12E9AC20DFCAAE008A730C /* FlickrPhotoCollectionViewCell.swift */,
				2D12E9FC20E3F8CC008A730C /* FlickrPhotoLoaderCell.swift */,
			);
			path = Views;
			sourceTree = "<group>";
		};
		2D12E9AE20E2B7E2008A730C /* ImageCache */ = {
			isa = PBXGroup;
			children = (
				2D12E9B120E2B8B7008A730C /* FlickrPhotoManager.swift */,
			);
			path = ImageCache;
			sourceTree = "<group>";
		};
		2D12EA1520E4C2F4008A730C /* Gateway */ = {
			isa = PBXGroup;
			children = (
				2D12EA0D20E41FEC008A730C /* URLSessionMock.swift */,
				2D12E98D20DF78D7008A730C /* Gateway.swift */,
				2D12EA1220E4B757008A730C /* GatewayTests.swift */,
				2D12EA0A20E41F86008A730C /* GatewayMock.swift */,
			);
			path = Gateway;
			sourceTree = "<group>";
		};
		2D12EA1A20E4C3AE008A730C /* AppNavigation */ = {
			isa = PBXGroup;
			children = (
				2D12EA1B20E4C3B8008A730C /* ApplicationNavigation.swift */,
			);
			path = AppNavigation;
			sourceTree = "<group>";
		};
/* End PBXGroup section */

/* Begin PBXNativeTarget section */
		2D12E95720DEACF2008A730C /* UberFlickr */ = {
			isa = PBXNativeTarget;
			buildConfigurationList = 2D12E98020DEACF5008A730C /* Build configuration list for PBXNativeTarget "UberFlickr" */;
			buildPhases = (
				2D12E95420DEACF2008A730C /* Sources */,
				2D12E95520DEACF2008A730C /* Frameworks */,
				2D12E95620DEACF2008A730C /* Resources */,
			);
			buildRules = (
			);
			dependencies = (
			);
			name = UberFlickr;
			productName = UberFlickr;
			productReference = 2D12E95820DEACF2008A730C /* UberFlickr.app */;
			productType = "com.apple.product-type.application";
		};
		2D12E96B20DEACF5008A730C /* UberFlickrTests */ = {
			isa = PBXNativeTarget;
			buildConfigurationList = 2D12E98320DEACF5008A730C /* Build configuration list for PBXNativeTarget "UberFlickrTests" */;
			buildPhases = (
				2D12E96820DEACF5008A730C /* Sources */,
				2D12E96920DEACF5008A730C /* Frameworks */,
				2D12E96A20DEACF5008A730C /* Resources */,
			);
			buildRules = (
			);
			dependencies = (
				2D12E96E20DEACF5008A730C /* PBXTargetDependency */,
			);
			name = UberFlickrTests;
			productName = UberFlickrTests;
			productReference = 2D12E96C20DEACF5008A730C /* UberFlickrTests.xctest */;
			productType = "com.apple.product-type.bundle.unit-test";
		};
		2D12E97620DEACF5008A730C /* UberFlickrUITests */ = {
			isa = PBXNativeTarget;
			buildConfigurationList = 2D12E98620DEACF5008A730C /* Build configuration list for PBXNativeTarget "UberFlickrUITests" */;
			buildPhases = (
				2D12E97320DEACF5008A730C /* Sources */,
				2D12E97420DEACF5008A730C /* Frameworks */,
				2D12E97520DEACF5008A730C /* Resources */,
			);
			buildRules = (
			);
			dependencies = (
				2D12E97920DEACF5008A730C /* PBXTargetDependency */,
			);
			name = UberFlickrUITests;
			productName = UberFlickrUITests;
			productReference = 2D12E97720DEACF5008A730C /* UberFlickrUITests.xctest */;
			productType = "com.apple.product-type.bundle.ui-testing";
		};
/* End PBXNativeTarget section */

/* Begin PBXProject section */
		2D12E95020DEACF2008A730C /* Project object */ = {
			isa = PBXProject;
			attributes = {
				LastSwiftUpdateCheck = 0940;
				LastUpgradeCheck = 0940;
				ORGANIZATIONNAME = "Nidhi Goyal";
				TargetAttributes = {
					2D12E95720DEACF2008A730C = {
						CreatedOnToolsVersion = 9.4.1;
					};
					2D12E96B20DEACF5008A730C = {
						CreatedOnToolsVersion = 9.4.1;
						TestTargetID = 2D12E95720DEACF2008A730C;
					};
					2D12E97620DEACF5008A730C = {
						CreatedOnToolsVersion = 9.4.1;
						TestTargetID = 2D12E95720DEACF2008A730C;
					};
				};
			};
			buildConfigurationList = 2D12E95320DEACF2008A730C /* Build configuration list for PBXProject "UberFlickr" */;
			compatibilityVersion = "Xcode 9.3";
			developmentRegion = en;
			hasScannedForEncodings = 0;
			knownRegions = (
				en,
				Base,
			);
			mainGroup = 2D12E94F20DEACF2008A730C;
			productRefGroup = 2D12E95920DEACF2008A730C /* Products */;
			projectDirPath = "";
			projectRoot = "";
			targets = (
				2D12E95720DEACF2008A730C /* UberFlickr */,
				2D12E96B20DEACF5008A730C /* UberFlickrTests */,
				2D12E97620DEACF5008A730C /* UberFlickrUITests */,
			);
		};
/* End PBXProject section */

/* Begin PBXResourcesBuildPhase section */
		2D12E95620DEACF2008A730C /* Resources */ = {
			isa = PBXResourcesBuildPhase;
			buildActionMask = 2147483647;
			files = (
				2D12E96620DEACF5008A730C /* LaunchScreen.storyboard in Resources */,
				2D12E96320DEACF5008A730C /* Assets.xcassets in Resources */,
				2D12E96120DEACF3008A730C /* Main.storyboard in Resources */,
			);
			runOnlyForDeploymentPostprocessing = 0;
		};
		2D12E96A20DEACF5008A730C /* Resources */ = {
			isa = PBXResourcesBuildPhase;
			buildActionMask = 2147483647;
			files = (
			);
			runOnlyForDeploymentPostprocessing = 0;
		};
		2D12E97520DEACF5008A730C /* Resources */ = {
			isa = PBXResourcesBuildPhase;
			buildActionMask = 2147483647;
			files = (
			);
			runOnlyForDeploymentPostprocessing = 0;
		};
/* End PBXResourcesBuildPhase section */

/* Begin PBXSourcesBuildPhase section */
		2D12E95420DEACF2008A730C /* Sources */ = {
			isa = PBXSourcesBuildPhase;
			buildActionMask = 2147483647;
			files = (
				2D12EA1820E4C30F008A730C /* URLSessionMock.swift in Sources */,
				2D12E99820DF8CC2008A730C /* FlickrPhoto+Mapping.swift in Sources */,
				2D12EA1C20E4C3B8008A730C /* ApplicationNavigation.swift in Sources */,
				2D12E99F20DF9AB2008A730C /* URLParameterEncoder.swift in Sources */,
				2D12E9FD20E3F8CC008A730C /* FlickrPhotoLoaderCell.swift in Sources */,
				2D12E9FF20E410D2008A730C /* UIAlertController++.swift in Sources */,
				2D12E9B220E2B8B7008A730C /* FlickrPhotoManager.swift in Sources */,
				2D12E99120DF7AE3008A730C /* Errors.swift in Sources */,
				2D12E9AA20DFB9B6008A730C /* FlickrPhotoSearchVM.swift in Sources */,
				2D12E99420DF7E0F008A730C /* FlickrPhotoSearchResult.swift in Sources */,
				2D12E9A220DFA2DF008A730C /* Dictionary++.swift in Sources */,
				2D12E99D20DF949B008A730C /* API.swift in Sources */,
				2D12E99A20DF8D08008A730C /* FlickrPhotoSearchResult+Mapping.swift in Sources */,
				2D12E98C20DF78C0008A730C /* NetworkRequest.swift in Sources */,
				2D12E99620DF7E1D008A730C /* FlickrPhoto.swift in Sources */,
				2D12E9AD20DFCAAE008A730C /* FlickrPhotoCollectionViewCell.swift in Sources */,
				2D12E98E20DF78D7008A730C /* Gateway.swift in Sources */,
				2D12E9A620DFB95D008A730C /* FlickrPhotoSearchViewController.swift in Sources */,
				2D12EA1720E4C300008A730C /* GatewayMock.swift in Sources */,
				2D12E95C20DEACF2008A730C /* AppDelegate.swift in Sources */,
			);
			runOnlyForDeploymentPostprocessing = 0;
		};
		2D12E96820DEACF5008A730C /* Sources */ = {
			isa = PBXSourcesBuildPhase;
			buildActionMask = 2147483647;
			files = (
				2D12EA0920E41F3A008A730C /* FlickrPhotoSearchVMMock.swift in Sources */,
				2D12EA0820E41F36008A730C /* FlickrPhotoSearchVMTest.swift in Sources */,
				2D12EA1920E4C31C008A730C /* GatewayTests.swift in Sources */,
				2D12EA1120E42458008A730C /* FlickrPhotoSearchViewControllerTests.swift in Sources */,
				2D12EA0720E41F30008A730C /* APIMock.swift in Sources */,
				2D12E97120DEACF5008A730C /* UberFlickrTests.swift in Sources */,
			);
			runOnlyForDeploymentPostprocessing = 0;
		};
		2D12E97320DEACF5008A730C /* Sources */ = {
			isa = PBXSourcesBuildPhase;
			buildActionMask = 2147483647;
			files = (
				2D12E97C20DEACF5008A730C /* UberFlickrUITests.swift in Sources */,
			);
			runOnlyForDeploymentPostprocessing = 0;
		};
/* End PBXSourcesBuildPhase section */

/* Begin PBXTargetDependency section */
		2D12E96E20DEACF5008A730C /* PBXTargetDependency */ = {
			isa = PBXTargetDependency;
			target = 2D12E95720DEACF2008A730C /* UberFlickr */;
			targetProxy = 2D12E96D20DEACF5008A730C /* PBXContainerItemProxy */;
		};
		2D12E97920DEACF5008A730C /* PBXTargetDependency */ = {
			isa = PBXTargetDependency;
			target = 2D12E95720DEACF2008A730C /* UberFlickr */;
			targetProxy = 2D12E97820DEACF5008A730C /* PBXContainerItemProxy */;
		};
/* End PBXTargetDependency section */

/* Begin PBXVariantGroup section */
		2D12E95F20DEACF3008A730C /* Main.storyboard */ = {
			isa = PBXVariantGroup;
			children = (
				2D12E96020DEACF3008A730C /* Base */,
			);
			name = Main.storyboard;
			sourceTree = "<group>";
		};
		2D12E96420DEACF5008A730C /* LaunchScreen.storyboard */ = {
			isa = PBXVariantGroup;
			children = (
				2D12E96520DEACF5008A730C /* Base */,
			);
			name = LaunchScreen.storyboard;
			sourceTree = "<group>";
		};
/* End PBXVariantGroup section */

/* Begin XCBuildConfiguration section */
		2D12E97E20DEACF5008A730C /* Debug */ = {
			isa = XCBuildConfiguration;
			buildSettings = {
				ALWAYS_SEARCH_USER_PATHS = NO;
				CLANG_ANALYZER_NONNULL = YES;
				CLANG_ANALYZER_NUMBER_OBJECT_CONVERSION = YES_AGGRESSIVE;
				CLANG_CXX_LANGUAGE_STANDARD = "gnu++14";
				CLANG_CXX_LIBRARY = "libc++";
				CLANG_ENABLE_MODULES = YES;
				CLANG_ENABLE_OBJC_ARC = YES;
				CLANG_ENABLE_OBJC_WEAK = YES;
				CLANG_WARN_BLOCK_CAPTURE_AUTORELEASING = YES;
				CLANG_WARN_BOOL_CONVERSION = YES;
				CLANG_WARN_COMMA = YES;
				CLANG_WARN_CONSTANT_CONVERSION = YES;
				CLANG_WARN_DEPRECATED_OBJC_IMPLEMENTATIONS = YES;
				CLANG_WARN_DIRECT_OBJC_ISA_USAGE = YES_ERROR;
				CLANG_WARN_DOCUMENTATION_COMMENTS = YES;
				CLANG_WARN_EMPTY_BODY = YES;
				CLANG_WARN_ENUM_CONVERSION = YES;
				CLANG_WARN_INFINITE_RECURSION = YES;
				CLANG_WARN_INT_CONVERSION = YES;
				CLANG_WARN_NON_LITERAL_NULL_CONVERSION = YES;
				CLANG_WARN_OBJC_IMPLICIT_RETAIN_SELF = YES;
				CLANG_WARN_OBJC_LITERAL_CONVERSION = YES;
				CLANG_WARN_OBJC_ROOT_CLASS = YES_ERROR;
				CLANG_WARN_RANGE_LOOP_ANALYSIS = YES;
				CLANG_WARN_STRICT_PROTOTYPES = YES;
				CLANG_WARN_SUSPICIOUS_MOVE = YES;
				CLANG_WARN_UNGUARDED_AVAILABILITY = YES_AGGRESSIVE;
				CLANG_WARN_UNREACHABLE_CODE = YES;
				CLANG_WARN__DUPLICATE_METHOD_MATCH = YES;
				CODE_SIGN_IDENTITY = "iPhone Developer";
				COPY_PHASE_STRIP = NO;
				DEBUG_INFORMATION_FORMAT = dwarf;
				ENABLE_STRICT_OBJC_MSGSEND = YES;
				ENABLE_TESTABILITY = YES;
				GCC_C_LANGUAGE_STANDARD = gnu11;
				GCC_DYNAMIC_NO_PIC = NO;
				GCC_NO_COMMON_BLOCKS = YES;
				GCC_OPTIMIZATION_LEVEL = 0;
				GCC_PREPROCESSOR_DEFINITIONS = (
					"DEBUG=1",
					"$(inherited)",
				);
				GCC_WARN_64_TO_32_BIT_CONVERSION = YES;
				GCC_WARN_ABOUT_RETURN_TYPE = YES_ERROR;
				GCC_WARN_UNDECLARED_SELECTOR = YES;
				GCC_WARN_UNINITIALIZED_AUTOS = YES_AGGRESSIVE;
				GCC_WARN_UNUSED_FUNCTION = YES;
				GCC_WARN_UNUSED_VARIABLE = YES;
				IPHONEOS_DEPLOYMENT_TARGET = 11.4;
				MTL_ENABLE_DEBUG_INFO = YES;
				ONLY_ACTIVE_ARCH = YES;
				SDKROOT = iphoneos;
				SWIFT_ACTIVE_COMPILATION_CONDITIONS = DEBUG;
				SWIFT_OPTIMIZATION_LEVEL = "-Onone";
			};
			name = Debug;
		};
		2D12E97F20DEACF5008A730C /* Release */ = {
			isa = XCBuildConfiguration;
			buildSettings = {
				ALWAYS_SEARCH_USER_PATHS = NO;
				CLANG_ANALYZER_NONNULL = YES;
				CLANG_ANALYZER_NUMBER_OBJECT_CONVERSION = YES_AGGRESSIVE;
				CLANG_CXX_LANGUAGE_STANDARD = "gnu++14";
				CLANG_CXX_LIBRARY = "libc++";
				CLANG_ENABLE_MODULES = YES;
				CLANG_ENABLE_OBJC_ARC = YES;
				CLANG_ENABLE_OBJC_WEAK = YES;
				CLANG_WARN_BLOCK_CAPTURE_AUTORELEASING = YES;
				CLANG_WARN_BOOL_CONVERSION = YES;
				CLANG_WARN_COMMA = YES;
				CLANG_WARN_CONSTANT_CONVERSION = YES;
				CLANG_WARN_DEPRECATED_OBJC_IMPLEMENTATIONS = YES;
				CLANG_WARN_DIRECT_OBJC_ISA_USAGE = YES_ERROR;
				CLANG_WARN_DOCUMENTATION_COMMENTS = YES;
				CLANG_WARN_EMPTY_BODY = YES;
				CLANG_WARN_ENUM_CONVERSION = YES;
				CLANG_WARN_INFINITE_RECURSION = YES;
				CLANG_WARN_INT_CONVERSION = YES;
				CLANG_WARN_NON_LITERAL_NULL_CONVERSION = YES;
				CLANG_WARN_OBJC_IMPLICIT_RETAIN_SELF = YES;
				CLANG_WARN_OBJC_LITERAL_CONVERSION = YES;
				CLANG_WARN_OBJC_ROOT_CLASS = YES_ERROR;
				CLANG_WARN_RANGE_LOOP_ANALYSIS = YES;
				CLANG_WARN_STRICT_PROTOTYPES = YES;
				CLANG_WARN_SUSPICIOUS_MOVE = YES;
				CLANG_WARN_UNGUARDED_AVAILABILITY = YES_AGGRESSIVE;
				CLANG_WARN_UNREACHABLE_CODE = YES;
				CLANG_WARN__DUPLICATE_METHOD_MATCH = YES;
				CODE_SIGN_IDENTITY = "iPhone Developer";
				COPY_PHASE_STRIP = NO;
				DEBUG_INFORMATION_FORMAT = "dwarf-with-dsym";
				ENABLE_NS_ASSERTIONS = NO;
				ENABLE_STRICT_OBJC_MSGSEND = YES;
				GCC_C_LANGUAGE_STANDARD = gnu11;
				GCC_NO_COMMON_BLOCKS = YES;
				GCC_WARN_64_TO_32_BIT_CONVERSION = YES;
				GCC_WARN_ABOUT_RETURN_TYPE = YES_ERROR;
				GCC_WARN_UNDECLARED_SELECTOR = YES;
				GCC_WARN_UNINITIALIZED_AUTOS = YES_AGGRESSIVE;
				GCC_WARN_UNUSED_FUNCTION = YES;
				GCC_WARN_UNUSED_VARIABLE = YES;
				IPHONEOS_DEPLOYMENT_TARGET = 11.4;
				MTL_ENABLE_DEBUG_INFO = NO;
				SDKROOT = iphoneos;
				SWIFT_COMPILATION_MODE = wholemodule;
				SWIFT_OPTIMIZATION_LEVEL = "-O";
				VALIDATE_PRODUCT = YES;
			};
			name = Release;
		};
		2D12E98120DEACF5008A730C /* Debug */ = {
			isa = XCBuildConfiguration;
			buildSettings = {
				ASSETCATALOG_COMPILER_APPICON_NAME = AppIcon;
				CODE_SIGN_STYLE = Automatic;
				INFOPLIST_FILE = UberFlickr/Info.plist;
				LD_RUNPATH_SEARCH_PATHS = (
					"$(inherited)",
					"@executable_path/Frameworks",
				);
				PRODUCT_BUNDLE_IDENTIFIER = com.ng.UberFlickr;
				PRODUCT_NAME = "$(TARGET_NAME)";
				SWIFT_VERSION = 4.0;
				TARGETED_DEVICE_FAMILY = "1,2";
			};
			name = Debug;
		};
		2D12E98220DEACF5008A730C /* Release */ = {
			isa = XCBuildConfiguration;
			buildSettings = {
				ASSETCATALOG_COMPILER_APPICON_NAME = AppIcon;
				CODE_SIGN_STYLE = Automatic;
				INFOPLIST_FILE = UberFlickr/Info.plist;
				LD_RUNPATH_SEARCH_PATHS = (
					"$(inherited)",
					"@executable_path/Frameworks",
				);
				PRODUCT_BUNDLE_IDENTIFIER = com.ng.UberFlickr;
				PRODUCT_NAME = "$(TARGET_NAME)";
				SWIFT_VERSION = 4.0;
				TARGETED_DEVICE_FAMILY = "1,2";
			};
			name = Release;
		};
		2D12E98420DEACF5008A730C /* Debug */ = {
			isa = XCBuildConfiguration;
			buildSettings = {
				ALWAYS_EMBED_SWIFT_STANDARD_LIBRARIES = YES;
				BUNDLE_LOADER = "$(TEST_HOST)";
				CODE_SIGN_STYLE = Automatic;
				INFOPLIST_FILE = UberFlickrTests/Info.plist;
				LD_RUNPATH_SEARCH_PATHS = (
					"$(inherited)",
					"@executable_path/Frameworks",
					"@loader_path/Frameworks",
				);
				PRODUCT_BUNDLE_IDENTIFIER = com.ng.UberFlickrTests;
				PRODUCT_NAME = "$(TARGET_NAME)";
				SWIFT_VERSION = 4.0;
				TARGETED_DEVICE_FAMILY = "1,2";
				TEST_HOST = "$(BUILT_PRODUCTS_DIR)/UberFlickr.app/UberFlickr";
			};
			name = Debug;
		};
		2D12E98520DEACF5008A730C /* Release */ = {
			isa = XCBuildConfiguration;
			buildSettings = {
				ALWAYS_EMBED_SWIFT_STANDARD_LIBRARIES = YES;
				BUNDLE_LOADER = "$(TEST_HOST)";
				CODE_SIGN_STYLE = Automatic;
				INFOPLIST_FILE = UberFlickrTests/Info.plist;
				LD_RUNPATH_SEARCH_PATHS = (
					"$(inherited)",
					"@executable_path/Frameworks",
					"@loader_path/Frameworks",
				);
				PRODUCT_BUNDLE_IDENTIFIER = com.ng.UberFlickrTests;
				PRODUCT_NAME = "$(TARGET_NAME)";
				SWIFT_VERSION = 4.0;
				TARGETED_DEVICE_FAMILY = "1,2";
				TEST_HOST = "$(BUILT_PRODUCTS_DIR)/UberFlickr.app/UberFlickr";
			};
			name = Release;
		};
		2D12E98720DEACF5008A730C /* Debug */ = {
			isa = XCBuildConfiguration;
			buildSettings = {
				ALWAYS_EMBED_SWIFT_STANDARD_LIBRARIES = YES;
				CODE_SIGN_STYLE = Automatic;
				INFOPLIST_FILE = UberFlickrUITests/Info.plist;
				LD_RUNPATH_SEARCH_PATHS = (
					"$(inherited)",
					"@executable_path/Frameworks",
					"@loader_path/Frameworks",
				);
				PRODUCT_BUNDLE_IDENTIFIER = com.ng.UberFlickrUITests;
				PRODUCT_NAME = "$(TARGET_NAME)";
				SWIFT_VERSION = 4.0;
				TARGETED_DEVICE_FAMILY = "1,2";
				TEST_TARGET_NAME = UberFlickr;
			};
			name = Debug;
		};
		2D12E98820DEACF5008A730C /* Release */ = {
			isa = XCBuildConfiguration;
			buildSettings = {
				ALWAYS_EMBED_SWIFT_STANDARD_LIBRARIES = YES;
				CODE_SIGN_STYLE = Automatic;
				INFOPLIST_FILE = UberFlickrUITests/Info.plist;
				LD_RUNPATH_SEARCH_PATHS = (
					"$(inherited)",
					"@executable_path/Frameworks",
					"@loader_path/Frameworks",
				);
				PRODUCT_BUNDLE_IDENTIFIER = com.ng.UberFlickrUITests;
				PRODUCT_NAME = "$(TARGET_NAME)";
				SWIFT_VERSION = 4.0;
				TARGETED_DEVICE_FAMILY = "1,2";
				TEST_TARGET_NAME = UberFlickr;
			};
			name = Release;
		};
/* End XCBuildConfiguration section */

/* Begin XCConfigurationList section */
		2D12E95320DEACF2008A730C /* Build configuration list for PBXProject "UberFlickr" */ = {
			isa = XCConfigurationList;
			buildConfigurations = (
				2D12E97E20DEACF5008A730C /* Debug */,
				2D12E97F20DEACF5008A730C /* Release */,
			);
			defaultConfigurationIsVisible = 0;
			defaultConfigurationName = Release;
		};
		2D12E98020DEACF5008A730C /* Build configuration list for PBXNativeTarget "UberFlickr" */ = {
			isa = XCConfigurationList;
			buildConfigurations = (
				2D12E98120DEACF5008A730C /* Debug */,
				2D12E98220DEACF5008A730C /* Release */,
			);
			defaultConfigurationIsVisible = 0;
			defaultConfigurationName = Release;
		};
		2D12E98320DEACF5008A730C /* Build configuration list for PBXNativeTarget "UberFlickrTests" */ = {
			isa = XCConfigurationList;
			buildConfigurations = (
				2D12E98420DEACF5008A730C /* Debug */,
				2D12E98520DEACF5008A730C /* Release */,
			);
			defaultConfigurationIsVisible = 0;
			defaultConfigurationName = Release;
		};
		2D12E98620DEACF5008A730C /* Build configuration list for PBXNativeTarget "UberFlickrUITests" */ = {
			isa = XCConfigurationList;
			buildConfigurations = (
				2D12E98720DEACF5008A730C /* Debug */,
				2D12E98820DEACF5008A730C /* Release */,
			);
			defaultConfigurationIsVisible = 0;
			defaultConfigurationName = Release;
		};
/* End XCConfigurationList section */
	};
	rootObject = 2D12E95020DEACF2008A730C /* Project object */;
}
